
Microsoft Visual Studio Solution File, Format Version 12.00
# Visual Studio 15
VisualStudioVersion = 15.0.35706.147
MinimumVisualStudioVersion = 10.0.40219.1
Project("{FAE04EC0-301F-11D3-BF4B-00C04F79EFBC}") = "TimKiem", "Main.Master\TimKiem.csproj", "{41E6874A-CC46-45F2-A515-D5EE0B17A6C3}"
EndProject
Global
	GlobalSection(SolutionConfigurationPlatforms) = preSolution
		Debug|Any CPU = Debug|Any CPU
		Release|Any CPU = Release|Any CPU
	EndGlobalSection
	GlobalSection(ProjectConfigurationPlatforms) = postSolution
		{41E6874A-CC46-45F2-A515-D5EE0B17A6C3}.Debug|Any CPU.ActiveCfg = Debug|Any CPU
		{41E6874A-CC46-45F2-A515-D5EE0B17A6C3}.Debug|Any CPU.Build.0 = Debug|Any CPU
		{41E6874A-CC46-45F2-A515-D5EE0B17A6C3}.Release|Any CPU.ActiveCfg = Release|Any CPU
		{41E6874A-CC46-45F2-A515-D5EE0B17A6C3}.Release|Any CPU.Build.0 = Release|Any CPU
	EndGlobalSection
	GlobalSection(SolutionProperties) = preSolution
		HideSolutionNode = FALSE
	EndGlobalSection
	GlobalSection(ExtensibilityGlobals) = postSolution
		SolutionGuid = {45D0633A-AAF4-4701-B03A-D9903640FDC2}
	EndGlobalSection
EndGlobal
